
Microsoft Visual Studio Solution File, Format Version 12.00
# Visual Studio Version 16
VisualStudioVersion = 16.0.33801.447
MinimumVisualStudioVersion = 10.0.40219.1
Project("{9A19103F-16F7-4668-BE54-9A1E7A4F7556}") = "PWIIProva", "PWIIProva\PWIIProva.csproj", "{749F7BD1-153D-485D-98E9-2836B3E9B83B}"
EndProject
Project("{FAE04EC0-301F-11D3-BF4B-00C04F79EFBC}") = "PWFilmes.Domain", "PWFilmes.Domain\PWFilmes.Domain.csproj", "{6C75107C-12F0-4BA7-8159-5283CC6A4CB2}"
EndProject
Global
	GlobalSection(SolutionConfigurationPlatforms) = preSolution
		Debug|Any CPU = Debug|Any CPU
		Release|Any CPU = Release|Any CPU
	EndGlobalSection
	GlobalSection(ProjectConfigurationPlatforms) = postSolution
		{749F7BD1-153D-485D-98E9-2836B3E9B83B}.Debug|Any CPU.ActiveCfg = Debug|Any CPU
		{749F7BD1-153D-485D-98E9-2836B3E9B83B}.Debug|Any CPU.Build.0 = Debug|Any CPU
		{749F7BD1-153D-485D-98E9-2836B3E9B83B}.Release|Any CPU.ActiveCfg = Release|Any CPU
		{749F7BD1-153D-485D-98E9-2836B3E9B83B}.Release|Any CPU.Build.0 = Release|Any CPU
		{6C75107C-12F0-4BA7-8159-5283CC6A4CB2}.Debug|Any CPU.ActiveCfg = Debug|Any CPU
		{6C75107C-12F0-4BA7-8159-5283CC6A4CB2}.Debug|Any CPU.Build.0 = Debug|Any CPU
		{6C75107C-12F0-4BA7-8159-5283CC6A4CB2}.Release|Any CPU.ActiveCfg = Release|Any CPU
		{6C75107C-12F0-4BA7-8159-5283CC6A4CB2}.Release|Any CPU.Build.0 = Release|Any CPU
	EndGlobalSection
	GlobalSection(SolutionProperties) = preSolution
		HideSolutionNode = FALSE
	EndGlobalSection
	GlobalSection(ExtensibilityGlobals) = postSolution
		SolutionGuid = {FD80493B-0BFB-4F4C-A6E9-E05A891D0561}
	EndGlobalSection
EndGlobal
